github.com/ilove737/go-snap7 v0.0.0-20221114160727-513f179fddce h1:igbFlOaucUGowGMJ1m6EcS2Xu/Yfqble2iCrwWlhd+I=
github.com/ilove737/go-snap7 v0.0.0-20221114160727-513f179fddce/go.mod h1:P30Tpti4JQChZ7wEcIIYEWPbpKwWnGNK2jfN3R2RMac=
github.com/ilove737/go-snap7 v0.0.0-20221114162223-9ec41fcb2d45 h1:3zlA4nghq7L/XLjYYmrR4+UPDtJOm26fW+CUv3/7Xw0=
github.com/ilove737/go-snap7 v0.0.0-20221114162223-9ec41fcb2d45/go.mod h1:P30Tpti4JQChZ7wEcIIYEWPbpKwWnGNK2jfN3R2RMac=
